// !$*UTF8*$!
{
	archiveVersion = 1;
	classes = {
	};
	objectVersion = 56;
	objects = {

/* Begin PBXBuildFile section */
		2A5223DD2A833E850027C165 /* RealityKitContent in Frameworks */ = {isa = PBXBuildFile; productRef = 2A5223DC2A833E850027C165 /* RealityKitContent */; };
		2A5223DF2A833E850027C165 /* MyFirstImmersiveApp.swift in Sources */ = {isa = PBXBuildFile; fileRef = 2A5223DE2A833E850027C165 /* MyFirstImmersiveApp.swift */; };
		2A5223E12A833E850027C165 /* ContentView.swift in Sources */ = {isa = PBXBuildFile; fileRef = 2A5223E02A833E850027C165 /* ContentView.swift */; };
		2A5223E32A833E880027C165 /* Assets.xcassets in Resources */ = {isa = PBXBuildFile; fileRef = 2A5223E22A833E880027C165 /* Assets.xcassets */; };
		2A5223E62A833E880027C165 /* Preview Assets.xcassets in Resources */ = {isa = PBXBuildFile; fileRef = 2A5223E52A833E880027C165 /* Preview Assets.xcassets */; };
		2A5223F12A833E880027C165 /* MyFirstImmersiveTests.swift in Sources */ = {isa = PBXBuildFile; fileRef = 2A5223F02A833E880027C165 /* MyFirstImmersiveTests.swift */; };
/* End PBXBuildFile section */

/* Begin PBXContainerItemProxy section */
		2A5223ED2A833E880027C165 /* PBXContainerItemProxy */ = {
			isa = PBXContainerItemProxy;
			containerPortal = 2A5223CF2A833E850027C165 /* Project object */;
			proxyType = 1;
			remoteGlobalIDString = 2A5223D62A833E850027C165;
			remoteInfo = MyFirstImmersive;
		};
/* End PBXContainerItemProxy section */

/* Begin PBXFileReference section */
		2A5223D72A833E850027C165 /* MyFirstImmersive.app */ = {isa = PBXFileReference; explicitFileType = wrapper.application; includeInIndex = 0; path = MyFirstImmersive.app; sourceTree = BUILT_PRODUCTS_DIR; };
		2A5223DB2A833E850027C165 /* RealityKitContent */ = {isa = PBXFileReference; lastKnownFileType = wrapper; path = RealityKitContent; sourceTree = "<group>"; };
		2A5223DE2A833E850027C165 /* MyFirstImmersiveApp.swift */ = {isa = PBXFileReference; lastKnownFileType = sourcecode.swift; path = MyFirstImmersiveApp.swift; sourceTree = "<group>"; };
		2A5223E02A833E850027C165 /* ContentView.swift */ = {isa = PBXFileReference; lastKnownFileType = sourcecode.swift; path = ContentView.swift; sourceTree = "<group>"; };
		2A5223E22A833E880027C165 /* Assets.xcassets */ = {isa = PBXFileReference; lastKnownFileType = folder.assetcatalog; path = Assets.xcassets; sourceTree = "<group>"; };
		2A5223E52A833E880027C165 /* Preview Assets.xcassets */ = {isa = PBXFileReference; lastKnownFileType = folder.assetcatalog; path = "Preview Assets.xcassets"; sourceTree = "<group>"; };
		2A5223E72A833E880027C165 /* Info.plist */ = {isa = PBXFileReference; lastKnownFileType = text.plist.xml; path = Info.plist; sourceTree = "<group>"; };
		2A5223EC2A833E880027C165 /* MyFirstImmersiveTests.xctest */ = {isa = PBXFileReference; explicitFileType = wrapper.cfbundle; includeInIndex = 0; path = MyFirstImmersiveTests.xctest; sourceTree = BUILT_PRODUCTS_DIR; };
		2A5223F02A833E880027C165 /* MyFirstImmersiveTests.swift */ = {isa = PBXFileReference; lastKnownFileType = sourcecode.swift; path = MyFirstImmersiveTests.swift; sourceTree = "<group>"; };
/* End PBXFileReference section */

/* Begin PBXFrameworksBuildPhase section */
		2A5223D42A833E850027C165 /* Frameworks */ = {
			isa = PBXFrameworksBuildPhase;
			buildActionMask = 2147483647;
			files = (
				2A5223DD2A833E850027C165 /* RealityKitContent in Frameworks */,
			);
			runOnlyForDeploymentPostprocessing = 0;
		};
		2A5223E92A833E880027C165 /* Frameworks */ = {
			isa = PBXFrameworksBuildPhase;
			buildActionMask = 2147483647;
			files = (
			);
			runOnlyForDeploymentPostprocessing = 0;
		};
/* End PBXFrameworksBuildPhase section */

/* Begin PBXGroup section */
		2A5223CE2A833E850027C165 = {
			isa = PBXGroup;
			children = (
				2A5223D92A833E850027C165 /* MyFirstImmersive */,
				2A5223DA2A833E850027C165 /* Packages */,
				2A5223EF2A833E880027C165 /* MyFirstImmersiveTests */,
				2A5223D82A833E850027C165 /* Products */,
			);
			sourceTree = "<group>";
		};
		2A5223D82A833E850027C165 /* Products */ = {
			isa = PBXGroup;
			children = (
				2A5223D72A833E850027C165 /* MyFirstImmersive.app */,
				2A5223EC2A833E880027C165 /* MyFirstImmersiveTests.xctest */,
			);
			name = Products;
			sourceTree = "<group>";
		};
		2A5223D92A833E850027C165 /* MyFirstImmersive */ = {
			isa = PBXGroup;
			children = (
				2A5223DE2A833E850027C165 /* MyFirstImmersiveApp.swift */,
				2A5223E02A833E850027C165 /* ContentView.swift */,
				2A5223E22A833E880027C165 /* Assets.xcassets */,
				2A5223E72A833E880027C165 /* Info.plist */,
				2A5223E42A833E880027C165 /* Preview Content */,
			);
			path = MyFirstImmersive;
			sourceTree = "<group>";
		};
		2A5223DA2A833E850027C165 /* Packages */ = {
			isa = PBXGroup;
			children = (
				2A5223DB2A833E850027C165 /* RealityKitContent */,
			);
			path = Packages;
			sourceTree = "<group>";
		};
		2A5223E42A833E880027C165 /* Preview Content */ = {
			isa = PBXGroup;
			children = (
				2A5223E52A833E880027C165 /* Preview Assets.xcassets */,
			);
			path = "Preview Content";
			sourceTree = "<group>";
		};
		2A5223EF2A833E880027C165 /* MyFirstImmersiveTests */ = {
			isa = PBXGroup;
			children = (
				2A5223F02A833E880027C165 /* MyFirstImmersiveTests.swift */,
			);
			path = MyFirstImmersiveTests;
			sourceTree = "<group>";
		};
/* End PBXGroup section */

/* Begin PBXNativeTarget section */
		2A5223D62A833E850027C165 /* MyFirstImmersive */ = {
			isa = PBXNativeTarget;
			buildConfigurationList = 2A5223F42A833E880027C165 /* Build configuration list for PBXNativeTarget "MyFirstImmersive" */;
			buildPhases = (
				2A5223D32A833E850027C165 /* Sources */,
				2A5223D42A833E850027C165 /* Frameworks */,
				2A5223D52A833E850027C165 /* Resources */,
			);
			buildRules = (
			);
			dependencies = (
			);
			name = MyFirstImmersive;
			packageProductDependencies = (
				2A5223DC2A833E850027C165 /* RealityKitContent */,
			);
			productName = MyFirstImmersive;
			productReference = 2A5223D72A833E850027C165 /* MyFirstImmersive.app */;
			productType = "com.apple.product-type.application";
		};
		2A5223EB2A833E880027C165 /* MyFirstImmersiveTests */ = {
			isa = PBXNativeTarget;
			buildConfigurationList = 2A5223F72A833E880027C165 /* Build configuration list for PBXNativeTarget "MyFirstImmersiveTests" */;
			buildPhases = (
				2A5223E82A833E880027C165 /* Sources */,
				2A5223E92A833E880027C165 /* Frameworks */,
				2A5223EA2A833E880027C165 /* Resources */,
			);
			buildRules = (
			);
			dependencies = (
				2A5223EE2A833E880027C165 /* PBXTargetDependency */,
			);
			name = MyFirstImmersiveTests;
			productName = MyFirstImmersiveTests;
			productReference = 2A5223EC2A833E880027C165 /* MyFirstImmersiveTests.xctest */;
			productType = "com.apple.product-type.bundle.unit-test";
		};
/* End PBXNativeTarget section */

/* Begin PBXProject section */
		2A5223CF2A833E850027C165 /* Project object */ = {
			isa = PBXProject;
			attributes = {
				BuildIndependentTargetsInParallel = 1;
				LastSwiftUpdateCheck = 1500;
				LastUpgradeCheck = 1500;
				TargetAttributes = {
					2A5223D62A833E850027C165 = {
						CreatedOnToolsVersion = 15.0;
					};
					2A5223EB2A833E880027C165 = {
						CreatedOnToolsVersion = 15.0;
						TestTargetID = 2A5223D62A833E850027C165;
					};
				};
			};
			buildConfigurationList = 2A5223D22A833E850027C165 /* Build configuration list for PBXProject "MyFirstImmersive" */;
			compatibilityVersion = "Xcode 14.0";
			developmentRegion = en;
			hasScannedForEncodings = 0;
			knownRegions = (
				en,
				Base,
			);
			mainGroup = 2A5223CE2A833E850027C165;
			productRefGroup = 2A5223D82A833E850027C165 /* Products */;
			projectDirPath = "";
			projectRoot = "";
			targets = (
				2A5223D62A833E850027C165 /* MyFirstImmersive */,
				2A5223EB2A833E880027C165 /* MyFirstImmersiveTests */,
			);
		};
/* End PBXProject section */

/* Begin PBXResourcesBuildPhase section */
		2A5223D52A833E850027C165 /* Resources */ = {
			isa = PBXResourcesBuildPhase;
			buildActionMask = 2147483647;
			files = (
				2A5223E62A833E880027C165 /* Preview Assets.xcassets in Resources */,
				2A5223E32A833E880027C165 /* Assets.xcassets in Resources */,
			);
			runOnlyForDeploymentPostprocessing = 0;
		};
		2A5223EA2A833E880027C165 /* Resources */ = {
			isa = PBXResourcesBuildPhase;
			buildActionMask = 2147483647;
			files = (
			);
			runOnlyForDeploymentPostprocessing = 0;
		};
/* End PBXResourcesBuildPhase section */

/* Begin PBXSourcesBuildPhase section */
		2A5223D32A833E850027C165 /* Sources */ = {
			isa = PBXSourcesBuildPhase;
			buildActionMask = 2147483647;
			files = (
				2A5223E12A833E850027C165 /* ContentView.swift in Sources */,
				2A5223DF2A833E850027C165 /* MyFirstImmersiveApp.swift in Sources */,
			);
			runOnlyForDeploymentPostprocessing = 0;
		};
		2A5223E82A833E880027C165 /* Sources */ = {
			isa = PBXSourcesBuildPhase;
			buildActionMask = 2147483647;
			files = (
				2A5223F12A833E880027C165 /* MyFirstImmersiveTests.swift in Sources */,
			);
			runOnlyForDeploymentPostprocessing = 0;
		};
/* End PBXSourcesBuildPhase section */

/* Begin PBXTargetDependency section */
		2A5223EE2A833E880027C165 /* PBXTargetDependency */ = {
			isa = PBXTargetDependency;
			target = 2A5223D62A833E850027C165 /* MyFirstImmersive */;
			targetProxy = 2A5223ED2A833E880027C165 /* PBXContainerItemProxy */;
		};
/* End PBXTargetDependency section */

/* Begin XCBuildConfiguration section */
		2A5223F22A833E880027C165 /* Debug */ = {
			isa = XCBuildConfiguration;
			buildSettings = {
				ALWAYS_SEARCH_USER_PATHS = NO;
				ASSETCATALOG_COMPILER_GENERATE_SWIFT_ASSET_SYMBOL_EXTENSIONS = YES;
				CLANG_ANALYZER_NONNULL = YES;
				CLANG_ANALYZER_NUMBER_OBJECT_CONVERSION = YES_AGGRESSIVE;
				CLANG_CXX_LANGUAGE_STANDARD = "gnu++20";
				CLANG_ENABLE_MODULES = YES;
				CLANG_ENABLE_OBJC_ARC = YES;
				CLANG_ENABLE_OBJC_WEAK = YES;
				CLANG_WARN_BLOCK_CAPTURE_AUTORELEASING = YES;
				CLANG_WARN_BOOL_CONVERSION = YES;
				CLANG_WARN_COMMA = YES;
				CLANG_WARN_CONSTANT_CONVERSION = YES;
				CLANG_WARN_DEPRECATED_OBJC_IMPLEMENTATIONS = YES;
				CLANG_WARN_DIRECT_OBJC_ISA_USAGE = YES_ERROR;
				CLANG_WARN_DOCUMENTATION_COMMENTS = YES;
				CLANG_WARN_EMPTY_BODY = YES;
				CLANG_WARN_ENUM_CONVERSION = YES;
				CLANG_WARN_INFINITE_RECURSION = YES;
				CLANG_WARN_INT_CONVERSION = YES;
				CLANG_WARN_NON_LITERAL_NULL_CONVERSION = YES;
				CLANG_WARN_OBJC_IMPLICIT_RETAIN_SELF = YES;
				CLANG_WARN_OBJC_LITERAL_CONVERSION = YES;
				CLANG_WARN_OBJC_ROOT_CLASS = YES_ERROR;
				CLANG_WARN_QUOTED_INCLUDE_IN_FRAMEWORK_HEADER = YES;
				CLANG_WARN_RANGE_LOOP_ANALYSIS = YES;
				CLANG_WARN_STRICT_PROTOTYPES = YES;
				CLANG_WARN_SUSPICIOUS_MOVE = YES;
				CLANG_WARN_UNGUARDED_AVAILABILITY = YES_AGGRESSIVE;
				CLANG_WARN_UNREACHABLE_CODE = YES;
				CLANG_WARN__DUPLICATE_METHOD_MATCH = YES;
				COPY_PHASE_STRIP = NO;
				DEBUG_INFORMATION_FORMAT = dwarf;
				ENABLE_STRICT_OBJC_MSGSEND = YES;
				ENABLE_TESTABILITY = YES;
				ENABLE_USER_SCRIPT_SANDBOXING = YES;
				GCC_C_LANGUAGE_STANDARD = gnu17;
				GCC_DYNAMIC_NO_PIC = NO;
				GCC_NO_COMMON_BLOCKS = YES;
				GCC_OPTIMIZATION_LEVEL = 0;
				GCC_PREPROCESSOR_DEFINITIONS = (
					"DEBUG=1",
					"$(inherited)",
				);
				GCC_WARN_64_TO_32_BIT_CONVERSION = YES;
				GCC_WARN_ABOUT_RETURN_TYPE = YES_ERROR;
				GCC_WARN_UNDECLARED_SELECTOR = YES;
				GCC_WARN_UNINITIALIZED_AUTOS = YES_AGGRESSIVE;
				GCC_WARN_UNUSED_FUNCTION = YES;
				GCC_WARN_UNUSED_VARIABLE = YES;
				LOCALIZATION_PREFERS_STRING_CATALOGS = YES;
				MTL_ENABLE_DEBUG_INFO = INCLUDE_SOURCE;
				MTL_FAST_MATH = YES;
				ONLY_ACTIVE_ARCH = YES;
				SDKROOT = xros;
				SWIFT_ACTIVE_COMPILATION_CONDITIONS = "DEBUG $(inherited)";
				SWIFT_OPTIMIZATION_LEVEL = "-Onone";
				XROS_DEPLOYMENT_TARGET = 1.0;
			};
			name = Debug;
		};
		2A5223F32A833E880027C165 /* Release */ = {
			isa = XCBuildConfiguration;
			buildSettings = {
				ALWAYS_SEARCH_USER_PATHS = NO;
				ASSETCATALOG_COMPILER_GENERATE_SWIFT_ASSET_SYMBOL_EXTENSIONS = YES;
				CLANG_ANALYZER_NONNULL = YES;
				CLANG_ANALYZER_NUMBER_OBJECT_CONVERSION = YES_AGGRESSIVE;
				CLANG_CXX_LANGUAGE_STANDARD = "gnu++20";
				CLANG_ENABLE_MODULES = YES;
				CLANG_ENABLE_OBJC_ARC = YES;
				CLANG_ENABLE_OBJC_WEAK = YES;
				CLANG_WARN_BLOCK_CAPTURE_AUTORELEASING = YES;
				CLANG_WARN_BOOL_CONVERSION = YES;
				CLANG_WARN_COMMA = YES;
				CLANG_WARN_CONSTANT_CONVERSION = YES;
				CLANG_WARN_DEPRECATED_OBJC_IMPLEMENTATIONS = YES;
				CLANG_WARN_DIRECT_OBJC_ISA_USAGE = YES_ERROR;
				CLANG_WARN_DOCUMENTATION_COMMENTS = YES;
				CLANG_WARN_EMPTY_BODY = YES;
				CLANG_WARN_ENUM_CONVERSION = YES;
				CLANG_WARN_INFINITE_RECURSION = YES;
				CLANG_WARN_INT_CONVERSION = YES;
				CLANG_WARN_NON_LITERAL_NULL_CONVERSION = YES;
				CLANG_WARN_OBJC_IMPLICIT_RETAIN_SELF = YES;
				CLANG_WARN_OBJC_LITERAL_CONVERSION = YES;
				CLANG_WARN_OBJC_ROOT_CLASS = YES_ERROR;
				CLANG_WARN_QUOTED_INCLUDE_IN_FRAMEWORK_HEADER = YES;
				CLANG_WARN_RANGE_LOOP_ANALYSIS = YES;
				CLANG_WARN_STRICT_PROTOTYPES = YES;
				CLANG_WARN_SUSPICIOUS_MOVE = YES;
				CLANG_WARN_UNGUARDED_AVAILABILITY = YES_AGGRESSIVE;
				CLANG_WARN_UNREACHABLE_CODE = YES;
				CLANG_WARN__DUPLICATE_METHOD_MATCH = YES;
				COPY_PHASE_STRIP = NO;
				DEBUG_INFORMATION_FORMAT = "dwarf-with-dsym";
				ENABLE_NS_ASSERTIONS = NO;
				ENABLE_STRICT_OBJC_MSGSEND = YES;
				ENABLE_USER_SCRIPT_SANDBOXING = YES;
				GCC_C_LANGUAGE_STANDARD = gnu17;
				GCC_NO_COMMON_BLOCKS = YES;
				GCC_WARN_64_TO_32_BIT_CONVERSION = YES;
				GCC_WARN_ABOUT_RETURN_TYPE = YES_ERROR;
				GCC_WARN_UNDECLARED_SELECTOR = YES;
				GCC_WARN_UNINITIALIZED_AUTOS = YES_AGGRESSIVE;
				GCC_WARN_UNUSED_FUNCTION = YES;
				GCC_WARN_UNUSED_VARIABLE = YES;
				LOCALIZATION_PREFERS_STRING_CATALOGS = YES;
				MTL_ENABLE_DEBUG_INFO = NO;
				MTL_FAST_MATH = YES;
				SDKROOT = xros;
				SWIFT_COMPILATION_MODE = wholemodule;
				VALIDATE_PRODUCT = YES;
				XROS_DEPLOYMENT_TARGET = 1.0;
			};
			name = Release;
		};
		2A5223F52A833E880027C165 /* Debug */ = {
			isa = XCBuildConfiguration;
			buildSettings = {
				ASSETCATALOG_COMPILER_APPICON_NAME = AppIcon;
				ASSETCATALOG_COMPILER_GLOBAL_ACCENT_COLOR_NAME = AccentColor;
				CODE_SIGN_STYLE = Automatic;
				CURRENT_PROJECT_VERSION = 1;
				DEVELOPMENT_ASSET_PATHS = "\"MyFirstImmersive/Preview Content\"";
				DEVELOPMENT_TEAM = 476QK54UU2;
				ENABLE_PREVIEWS = YES;
				GENERATE_INFOPLIST_FILE = YES;
				INFOPLIST_FILE = MyFirstImmersive/Info.plist;
				INFOPLIST_KEY_UIApplicationSceneManifest_Generation = YES;
				LD_RUNPATH_SEARCH_PATHS = (
					"$(inherited)",
					"@executable_path/Frameworks",
				);
				MARKETING_VERSION = 1.0;
				PRODUCT_BUNDLE_IDENTIFIER = "com.it-guy.MyFirstImmersive";
				PRODUCT_NAME = "$(TARGET_NAME)";
				SUPPORTED_PLATFORMS = "xros xrsimulator";
				SWIFT_EMIT_LOC_STRINGS = YES;
				SWIFT_VERSION = 5.0;
				TARGETED_DEVICE_FAMILY = "1,2,7";
			};
			name = Debug;
		};
		2A5223F62A833E880027C165 /* Release */ = {
			isa = XCBuildConfiguration;
			buildSettings = {
				ASSETCATALOG_COMPILER_APPICON_NAME = AppIcon;
				ASSETCATALOG_COMPILER_GLOBAL_ACCENT_COLOR_NAME = AccentColor;
				CODE_SIGN_STYLE = Automatic;
				CURRENT_PROJECT_VERSION = 1;
				DEVELOPMENT_ASSET_PATHS = "\"MyFirstImmersive/Preview Content\"";
				DEVELOPMENT_TEAM = 476QK54UU2;
				ENABLE_PREVIEWS = YES;
				GENERATE_INFOPLIST_FILE = YES;
				INFOPLIST_FILE = MyFirstImmersive/Info.plist;
				INFOPLIST_KEY_UIApplicationSceneManifest_Generation = YES;
				LD_RUNPATH_SEARCH_PATHS = (
					"$(inherited)",
					"@executable_path/Frameworks",
				);
				MARKETING_VERSION = 1.0;
				PRODUCT_BUNDLE_IDENTIFIER = "com.it-guy.MyFirstImmersive";
				PRODUCT_NAME = "$(TARGET_NAME)";
				SUPPORTED_PLATFORMS = "xros xrsimulator";
				SWIFT_EMIT_LOC_STRINGS = YES;
				SWIFT_VERSION = 5.0;
				TARGETED_DEVICE_FAMILY = "1,2,7";
			};
			name = Release;
		};
		2A5223F82A833E880027C165 /* Debug */ = {
			isa = XCBuildConfiguration;
			buildSettings = {
				ALWAYS_EMBED_SWIFT_STANDARD_LIBRARIES = YES;
				BUNDLE_LOADER = "$(TEST_HOST)";
				CODE_SIGN_STYLE = Automatic;
				CURRENT_PROJECT_VERSION = 1;
				DEVELOPMENT_TEAM = 476QK54UU2;
				GENERATE_INFOPLIST_FILE = YES;
				MARKETING_VERSION = 1.0;
				PRODUCT_BUNDLE_IDENTIFIER = "com.it-guy.MyFirstImmersiveTests";
				PRODUCT_NAME = "$(TARGET_NAME)";
				SUPPORTED_PLATFORMS = "xros xrsimulator";
				SWIFT_EMIT_LOC_STRINGS = NO;
				SWIFT_VERSION = 5.0;
				TARGETED_DEVICE_FAMILY = "1,2,7";
				TEST_HOST = "$(BUILT_PRODUCTS_DIR)/MyFirstImmersive.app/$(BUNDLE_EXECUTABLE_FOLDER_PATH)/MyFirstImmersive";
				XROS_DEPLOYMENT_TARGET = 1.0;
			};
			name = Debug;
		};
		2A5223F92A833E880027C165 /* Release */ = {
			isa = XCBuildConfiguration;
			buildSettings = {
				ALWAYS_EMBED_SWIFT_STANDARD_LIBRARIES = YES;
				BUNDLE_LOADER = "$(TEST_HOST)";
				CODE_SIGN_STYLE = Automatic;
				CURRENT_PROJECT_VERSION = 1;
				DEVELOPMENT_TEAM = 476QK54UU2;
				GENERATE_INFOPLIST_FILE = YES;
				MARKETING_VERSION = 1.0;
				PRODUCT_BUNDLE_IDENTIFIER = "com.it-guy.MyFirstImmersiveTests";
				PRODUCT_NAME = "$(TARGET_NAME)";
				SUPPORTED_PLATFORMS = "xros xrsimulator";
				SWIFT_EMIT_LOC_STRINGS = NO;
				SWIFT_VERSION = 5.0;
				TARGETED_DEVICE_FAMILY = "1,2,7";
				TEST_HOST = "$(BUILT_PRODUCTS_DIR)/MyFirstImmersive.app/$(BUNDLE_EXECUTABLE_FOLDER_PATH)/MyFirstImmersive";
				XROS_DEPLOYMENT_TARGET = 1.0;
			};
			name = Release;
		};
/* End XCBuildConfiguration section */

/* Begin XCConfigurationList section */
		2A5223D22A833E850027C165 /* Build configuration list for PBXProject "MyFirstImmersive" */ = {
			isa = XCConfigurationList;
			buildConfigurations = (
				2A5223F22A833E880027C165 /* Debug */,
				2A5223F32A833E880027C165 /* Release */,
			);
			defaultConfigurationIsVisible = 0;
			defaultConfigurationName = Release;
		};
		2A5223F42A833E880027C165 /* Build configuration list for PBXNativeTarget "MyFirstImmersive" */ = {
			isa = XCConfigurationList;
			buildConfigurations = (
				2A5223F52A833E880027C165 /* Debug */,
				2A5223F62A833E880027C165 /* Release */,
			);
			defaultConfigurationIsVisible = 0;
			defaultConfigurationName = Release;
		};
		2A5223F72A833E880027C165 /* Build configuration list for PBXNativeTarget "MyFirstImmersiveTests" */ = {
			isa = XCConfigurationList;
			buildConfigurations = (
				2A5223F82A833E880027C165 /* Debug */,
				2A5223F92A833E880027C165 /* Release */,
			);
			defaultConfigurationIsVisible = 0;
			defaultConfigurationName = Release;
		};
/* End XCConfigurationList section */

/* Begin XCSwiftPackageProductDependency section */
		2A5223DC2A833E850027C165 /* RealityKitContent */ = {
			isa = XCSwiftPackageProductDependency;
			productName = RealityKitContent;
		};
/* End XCSwiftPackageProductDependency section */
	};
	rootObject = 2A5223CF2A833E850027C165 /* Project object */;
}
